
Microsoft Visual Studio Solution File, Format Version 12.00
# Visual Studio 2012
Project("{2150E333-8FDC-42A3-9474-1A3956D46DE8}") = "Thread", "Thread", "{0413F82C-FD0C-4052-A5E1-03D0B324CC9D}"
EndProject
Project("{FAE04EC0-301F-11D3-BF4B-00C04F79EFBC}") = "CancellToken", "CancellToken\CancellToken.csproj", "{07E10101-B0AF-4D6E-8F73-AC812C5AC469}"
EndProject
Project("{FAE04EC0-301F-11D3-BF4B-00C04F79EFBC}") = "TaskDemo", "TaskDemo\TaskDemo.csproj", "{18094991-96EF-4624-848A-2E9085CAD5F6}"
EndProject
Project("{FAE04EC0-301F-11D3-BF4B-00C04F79EFBC}") = "TaskFactory", "TaskFactory\TaskFactory.csproj", "{F0FA0678-2BA1-42A9-929C-3E5CC7C2774E}"
EndProject
Project("{FAE04EC0-301F-11D3-BF4B-00C04F79EFBC}") = "Parallel", "Parallel\Parallel.csproj", "{6D156FB4-A24D-4612-808F-8F21E2D2B9AA}"
EndProject
Project("{FAE04EC0-301F-11D3-BF4B-00C04F79EFBC}") = "PLing", "PLing\PLing.csproj", "{3369A394-04DC-48AD-AFD6-4D0FD314DC90}"
EndProject
Project("{FAE04EC0-301F-11D3-BF4B-00C04F79EFBC}") = "PipleServer", "PipleServer\PipleServer.csproj", "{6D9089CB-26D5-4B2C-B5B6-B118544316CC}"
EndProject
Project("{FAE04EC0-301F-11D3-BF4B-00C04F79EFBC}") = "PipeClient", "PipeClient\PipeClient.csproj", "{9B7C7D6A-4CD6-4059-ACDB-6A5DDD6CEDC6}"
EndProject
Project("{FAE04EC0-301F-11D3-BF4B-00C04F79EFBC}") = "APMException", "APMException\APMException.csproj", "{F1669607-32CA-445B-B332-41A0C694E6B5}"
EndProject
Project("{FAE04EC0-301F-11D3-BF4B-00C04F79EFBC}") = "APM", "APM\APM.csproj", "{9A443106-CA58-4B9F-94E7-6F746B1FFE94}"
EndProject
Project("{FAE04EC0-301F-11D3-BF4B-00C04F79EFBC}") = "ThreadIOPriority", "ThreadIOPriority\ThreadIOPriority.csproj", "{F1137633-BD5E-48C7-9675-C0AD5BA85CDB}"
EndProject
Project("{FAE04EC0-301F-11D3-BF4B-00C04F79EFBC}") = "APMByTask", "APMByTask\APMByTask.csproj", "{AA1ED410-C6AF-4CDA-8CA1-884F1ED7FA2E}"
EndProject
Project("{FAE04EC0-301F-11D3-BF4B-00C04F79EFBC}") = "Eap", "Eap\Eap.csproj", "{630B583C-0F28-44CF-87CD-0F0AED6BC321}"
EndProject
Project("{FAE04EC0-301F-11D3-BF4B-00C04F79EFBC}") = "EapByTask", "EapByTask\EapByTask.csproj", "{2D49329D-4BD9-4BB0-9E25-0643974EFC38}"
EndProject
Project("{2150E333-8FDC-42A3-9474-1A3956D46DE8}") = "WPF", "WPF", "{12B43640-EDA0-48B4-871B-759222741EFA}"
EndProject
Project("{FAE04EC0-301F-11D3-BF4B-00C04F79EFBC}") = "WPFMenuItem", "WPFMenuItem\WPFMenuItem.csproj", "{C30E0162-65E7-4B14-BA63-880D800F8C7B}"
EndProject
Project("{2150E333-8FDC-42A3-9474-1A3956D46DE8}") = "UDP", "UDP", "{6D1FE55B-34F6-4F7D-B8EC-08A9BFD98DAC}"
EndProject
Project("{FAE04EC0-301F-11D3-BF4B-00C04F79EFBC}") = "SimpleUDPServer", "SimpleUDPServer\SimpleUDPServer.csproj", "{2C26EFD0-F241-41CB-94F1-28F977A8B760}"
EndProject
Project("{FAE04EC0-301F-11D3-BF4B-00C04F79EFBC}") = "SimpleUDPClient", "SimpleUDPClient\SimpleUDPClient.csproj", "{6427B1F9-C84E-4F89-8DD2-4E405EA1061E}"
EndProject
Project("{2150E333-8FDC-42A3-9474-1A3956D46DE8}") = "Unities", "Unities", "{54371621-7E9F-466E-BD70-84263795BD1F}"
EndProject
Project("{FAE04EC0-301F-11D3-BF4B-00C04F79EFBC}") = "NetHelper", "NetHelper\NetHelper.csproj", "{1A0A5D0A-1789-4936-A4A6-C8DA74D070A7}"
EndProject
Project("{2150E333-8FDC-42A3-9474-1A3956D46DE8}") = "Office", "Office", "{5DD80575-7828-4E89-ABE3-660D9C2AE064}"
EndProject
Project("{2150E333-8FDC-42A3-9474-1A3956D46DE8}") = "ActiveX", "ActiveX", "{937CB168-535A-4CA8-8E6E-25A37C9DDF1E}"
EndProject
Project("{2150E333-8FDC-42A3-9474-1A3956D46DE8}") = "NetNamedPipe", "NetNamedPipe", "{FAA115E3-40CC-4E93-859F-8D898B87B448}"
EndProject
Project("{2150E333-8FDC-42A3-9474-1A3956D46DE8}") = "FileTranform", "FileTranform", "{6227E1C8-D3BA-4BC8-A470-B36801BD0633}"
EndProject
Project("{2150E333-8FDC-42A3-9474-1A3956D46DE8}") = "TCP", "TCP", "{E1AE64DF-568B-45CD-9F97-17A53D5B4039}"
EndProject
Project("{FAE04EC0-301F-11D3-BF4B-00C04F79EFBC}") = "SimpleTCPServer", "SimpleTCPServer\SimpleTCPServer.csproj", "{DB706120-F2EF-425F-9B57-069D6F93C7B1}"
EndProject
Project("{FAE04EC0-301F-11D3-BF4B-00C04F79EFBC}") = "SimpleTCPClient", "SimpleTCPClient\SimpleTCPClient.csproj", "{709C5474-93B9-4E70-B269-FCC6765A0BF1}"
EndProject
Project("{FAE04EC0-301F-11D3-BF4B-00C04F79EFBC}") = "APMTCPServer1.0", "APMTCPServer1.0\APMTCPServer1.0.csproj", "{CB3C6819-0A7A-4260-915E-29006B068586}"
EndProject
Project("{FAE04EC0-301F-11D3-BF4B-00C04F79EFBC}") = "APMTCPClient1.0", "APMTCPClient1.0\APMTCPClient1.0.csproj", "{616CB164-62F7-4745-BF45-F1FB039C03E9}"
EndProject
Project("{FAE04EC0-301F-11D3-BF4B-00C04F79EFBC}") = "APMTCPServer2.0", "APMTCPServer2.0\APMTCPServer2.0.csproj", "{37C5F240-97AD-41B8-BD30-882DC5C0777A}"
EndProject
Project("{FAE04EC0-301F-11D3-BF4B-00C04F79EFBC}") = "APMTCPClient2.0", "APMTCPClient2.0\APMTCPClient2.0.csproj", "{6864E9E9-FEC1-4F53-83F6-0834BFF243E6}"
EndProject
Project("{FAE04EC0-301F-11D3-BF4B-00C04F79EFBC}") = "APMTCP3.0", "APMTCP3.0\APMTCP3.0.csproj", "{2E2D5D6B-D1B4-4492-885E-6B8FD345A521}"
EndProject
Project("{2150E333-8FDC-42A3-9474-1A3956D46DE8}") = "Lock", "Lock", "{C2E31801-BF5B-4EBF-99A3-48B3E90DB766}"
EndProject
Project("{FAE04EC0-301F-11D3-BF4B-00C04F79EFBC}") = "Research1.0", "Research1.0\Research1.0.csproj", "{20B153C3-D0C5-417E-AAF8-DAA776D2D7D8}"
EndProject
Project("{2150E333-8FDC-42A3-9474-1A3956D46DE8}") = "Base", "Base", "{97455696-0D82-4166-8F65-53210C0343D4}"
EndProject
Project("{FAE04EC0-301F-11D3-BF4B-00C04F79EFBC}") = "ArrayResearch", "ArrayResearch\ArrayResearch.csproj", "{D9B3C952-E60C-4B5E-852F-48E326E5E880}"
EndProject
Project("{FAE04EC0-301F-11D3-BF4B-00C04F79EFBC}") = "DataGridWithCombobox", "DataGridWithCombobox\DataGridWithCombobox.csproj", "{A78413C1-A89A-47B1-A7F8-627797EBAB24}"
EndProject
Project("{2150E333-8FDC-42A3-9474-1A3956D46DE8}") = "EntityFramework6.1.3", "EntityFramework6.1.3", "{CFD9E2D6-B5C5-4AEA-9E48-3425A27F0B47}"
EndProject
Project("{FAE04EC0-301F-11D3-BF4B-00C04F79EFBC}") = "LazyLoading", "LazyLoading\LazyLoading.csproj", "{13E80560-A604-461E-952A-E72078BD6807}"
EndProject
Project("{FAE04EC0-301F-11D3-BF4B-00C04F79EFBC}") = "ContructionTest", "ContructionTest\ContructionTest.csproj", "{C23101AD-68B8-47C5-AF8A-4B46B4A9FF0D}"
EndProject
Project("{FAE04EC0-301F-11D3-BF4B-00C04F79EFBC}") = "Progress", "Progress\Progress.csproj", "{71C09830-F711-4645-A7FF-0DB71A1992A5}"
EndProject
Project("{FAE04EC0-301F-11D3-BF4B-00C04F79EFBC}") = "polymorphic", "polymorphic\polymorphic.csproj", "{F27B5030-4406-4543-8BFE-D1AFDD2868F9}"
EndProject
Project("{2150E333-8FDC-42A3-9474-1A3956D46DE8}") = "Process", "Process", "{B23BBEAA-E9BD-449A-849E-A84F91B09F6E}"
EndProject
Project("{FAE04EC0-301F-11D3-BF4B-00C04F79EFBC}") = "StartProcessByWeb", "StartProcessByWeb\StartProcessByWeb.csproj", "{EC3BCD13-A775-4F3B-AD92-BCDB45A35469}"
EndProject
Project("{FAE04EC0-301F-11D3-BF4B-00C04F79EFBC}") = "NoWinForm", "NoWinForm\NoWinForm.csproj", "{B41E0F7A-4BB8-41C4-A61E-284760A6A998}"
EndProject
Project("{FAE04EC0-301F-11D3-BF4B-00C04F79EFBC}") = "StartNoWinFormProcess", "StartNoWinFormProcess\StartNoWinFormProcess.csproj", "{2E27E724-7148-4912-A519-EB93AA712003}"
EndProject
Project("{2150E333-8FDC-42A3-9474-1A3956D46DE8}") = "Report", "Report", "{42649E80-E090-405B-A518-FE913449A241}"
EndProject
Project("{FAE04EC0-301F-11D3-BF4B-00C04F79EFBC}") = "ReportTest", "ReportTest\ReportTest.csproj", "{8E1E437A-4E53-47F5-B85D-3AAA2FE9ED8D}"
EndProject
Project("{2150E333-8FDC-42A3-9474-1A3956D46DE8}") = "Spring", "Spring", "{6353BA4D-0382-4767-97EA-1842E5EC486D}"
EndProject
Project("{FAE04EC0-301F-11D3-BF4B-00C04F79EFBC}") = "SpringMvc4", "SpringMvc4\SpringMvc4.csproj", "{2E10CD8D-BE36-4E54-AE7A-D733113A087B}"
EndProject
Project("{2150E333-8FDC-42A3-9474-1A3956D46DE8}") = "Unity", "Unity", "{3CCC03FD-6A39-4AA8-B3A8-D309E739F7E0}"
EndProject
Project("{FAE04EC0-301F-11D3-BF4B-00C04F79EFBC}") = "UnityIoc", "UnityIoc\UnityIoc.csproj", "{FAE49337-0C6A-47B1-B9C0-ACA6C6720585}"
EndProject
Project("{FAE04EC0-301F-11D3-BF4B-00C04F79EFBC}") = "Combobxo", "Combobxo\Combobxo.csproj", "{006B2A3B-940F-466C-89B4-E25FC39E31C4}"
EndProject
Project("{FAE04EC0-301F-11D3-BF4B-00C04F79EFBC}") = "LableStringFormat", "LableStringFormat\LableStringFormat.csproj", "{36AA20CA-9E08-4772-8A56-D4824F43B8C8}"
EndProject
Project("{2150E333-8FDC-42A3-9474-1A3956D46DE8}") = "Resources", "Resources", "{CF0DF697-002E-4853-8C62-E93D72BAA1AE}"
	ProjectSection(SolutionItems) = preProject
		Unity.2.1.505.2-Source-and-Symbols.zip = Unity.2.1.505.2-Source-and-Symbols.zip
		Unity20.pdf = Unity20.pdf
		Unity2xDocs_with_Interception.pdf = Unity2xDocs_with_Interception.pdf
	EndProjectSection
EndProject
Project("{2150E333-8FDC-42A3-9474-1A3956D46DE8}") = "WebGL", "WebGL", "{D3A94EBC-FA4A-42D2-829C-2C6C4CA1A630}"
EndProject
Project("{FAE04EC0-301F-11D3-BF4B-00C04F79EFBC}") = "WebGL1.0", "WebGL1.0\WebGL1.0.csproj", "{6EEA3804-8479-4340-A7CC-E58F87D75A3B}"
EndProject
Global
	GlobalSection(SolutionConfigurationPlatforms) = preSolution
		Debug|Any CPU = Debug|Any CPU
		Release|Any CPU = Release|Any CPU
	EndGlobalSection
	GlobalSection(ProjectConfigurationPlatforms) = postSolution
		{07E10101-B0AF-4D6E-8F73-AC812C5AC469}.Debug|Any CPU.ActiveCfg = Debug|Any CPU
		{07E10101-B0AF-4D6E-8F73-AC812C5AC469}.Debug|Any CPU.Build.0 = Debug|Any CPU
		{07E10101-B0AF-4D6E-8F73-AC812C5AC469}.Release|Any CPU.ActiveCfg = Release|Any CPU
		{07E10101-B0AF-4D6E-8F73-AC812C5AC469}.Release|Any CPU.Build.0 = Release|Any CPU
		{18094991-96EF-4624-848A-2E9085CAD5F6}.Debug|Any CPU.ActiveCfg = Debug|Any CPU
		{18094991-96EF-4624-848A-2E9085CAD5F6}.Debug|Any CPU.Build.0 = Debug|Any CPU
		{18094991-96EF-4624-848A-2E9085CAD5F6}.Release|Any CPU.ActiveCfg = Release|Any CPU
		{18094991-96EF-4624-848A-2E9085CAD5F6}.Release|Any CPU.Build.0 = Release|Any CPU
		{F0FA0678-2BA1-42A9-929C-3E5CC7C2774E}.Debug|Any CPU.ActiveCfg = Debug|Any CPU
		{F0FA0678-2BA1-42A9-929C-3E5CC7C2774E}.Debug|Any CPU.Build.0 = Debug|Any CPU
		{F0FA0678-2BA1-42A9-929C-3E5CC7C2774E}.Release|Any CPU.ActiveCfg = Release|Any CPU
		{F0FA0678-2BA1-42A9-929C-3E5CC7C2774E}.Release|Any CPU.Build.0 = Release|Any CPU
		{6D156FB4-A24D-4612-808F-8F21E2D2B9AA}.Debug|Any CPU.ActiveCfg = Debug|Any CPU
		{6D156FB4-A24D-4612-808F-8F21E2D2B9AA}.Debug|Any CPU.Build.0 = Debug|Any CPU
		{6D156FB4-A24D-4612-808F-8F21E2D2B9AA}.Release|Any CPU.ActiveCfg = Release|Any CPU
		{6D156FB4-A24D-4612-808F-8F21E2D2B9AA}.Release|Any CPU.Build.0 = Release|Any CPU
		{3369A394-04DC-48AD-AFD6-4D0FD314DC90}.Debug|Any CPU.ActiveCfg = Debug|Any CPU
		{3369A394-04DC-48AD-AFD6-4D0FD314DC90}.Debug|Any CPU.Build.0 = Debug|Any CPU
		{3369A394-04DC-48AD-AFD6-4D0FD314DC90}.Release|Any CPU.ActiveCfg = Release|Any CPU
		{3369A394-04DC-48AD-AFD6-4D0FD314DC90}.Release|Any CPU.Build.0 = Release|Any CPU
		{6D9089CB-26D5-4B2C-B5B6-B118544316CC}.Debug|Any CPU.ActiveCfg = Debug|Any CPU
		{6D9089CB-26D5-4B2C-B5B6-B118544316CC}.Debug|Any CPU.Build.0 = Debug|Any CPU
		{6D9089CB-26D5-4B2C-B5B6-B118544316CC}.Release|Any CPU.ActiveCfg = Release|Any CPU
		{6D9089CB-26D5-4B2C-B5B6-B118544316CC}.Release|Any CPU.Build.0 = Release|Any CPU
		{9B7C7D6A-4CD6-4059-ACDB-6A5DDD6CEDC6}.Debug|Any CPU.ActiveCfg = Debug|Any CPU
		{9B7C7D6A-4CD6-4059-ACDB-6A5DDD6CEDC6}.Debug|Any CPU.Build.0 = Debug|Any CPU
		{9B7C7D6A-4CD6-4059-ACDB-6A5DDD6CEDC6}.Release|Any CPU.ActiveCfg = Release|Any CPU
		{9B7C7D6A-4CD6-4059-ACDB-6A5DDD6CEDC6}.Release|Any CPU.Build.0 = Release|Any CPU
		{F1669607-32CA-445B-B332-41A0C694E6B5}.Debug|Any CPU.ActiveCfg = Debug|Any CPU
		{F1669607-32CA-445B-B332-41A0C694E6B5}.Debug|Any CPU.Build.0 = Debug|Any CPU
		{F1669607-32CA-445B-B332-41A0C694E6B5}.Release|Any CPU.ActiveCfg = Release|Any CPU
		{F1669607-32CA-445B-B332-41A0C694E6B5}.Release|Any CPU.Build.0 = Release|Any CPU
		{9A443106-CA58-4B9F-94E7-6F746B1FFE94}.Debug|Any CPU.ActiveCfg = Debug|Any CPU
		{9A443106-CA58-4B9F-94E7-6F746B1FFE94}.Debug|Any CPU.Build.0 = Debug|Any CPU
		{9A443106-CA58-4B9F-94E7-6F746B1FFE94}.Release|Any CPU.ActiveCfg = Release|Any CPU
		{9A443106-CA58-4B9F-94E7-6F746B1FFE94}.Release|Any CPU.Build.0 = Release|Any CPU
		{F1137633-BD5E-48C7-9675-C0AD5BA85CDB}.Debug|Any CPU.ActiveCfg = Debug|Any CPU
		{F1137633-BD5E-48C7-9675-C0AD5BA85CDB}.Debug|Any CPU.Build.0 = Debug|Any CPU
		{F1137633-BD5E-48C7-9675-C0AD5BA85CDB}.Release|Any CPU.ActiveCfg = Release|Any CPU
		{F1137633-BD5E-48C7-9675-C0AD5BA85CDB}.Release|Any CPU.Build.0 = Release|Any CPU
		{AA1ED410-C6AF-4CDA-8CA1-884F1ED7FA2E}.Debug|Any CPU.ActiveCfg = Debug|Any CPU
		{AA1ED410-C6AF-4CDA-8CA1-884F1ED7FA2E}.Debug|Any CPU.Build.0 = Debug|Any CPU
		{AA1ED410-C6AF-4CDA-8CA1-884F1ED7FA2E}.Release|Any CPU.ActiveCfg = Release|Any CPU
		{AA1ED410-C6AF-4CDA-8CA1-884F1ED7FA2E}.Release|Any CPU.Build.0 = Release|Any CPU
		{630B583C-0F28-44CF-87CD-0F0AED6BC321}.Debug|Any CPU.ActiveCfg = Debug|Any CPU
		{630B583C-0F28-44CF-87CD-0F0AED6BC321}.Debug|Any CPU.Build.0 = Debug|Any CPU
		{630B583C-0F28-44CF-87CD-0F0AED6BC321}.Release|Any CPU.ActiveCfg = Release|Any CPU
		{630B583C-0F28-44CF-87CD-0F0AED6BC321}.Release|Any CPU.Build.0 = Release|Any CPU
		{2D49329D-4BD9-4BB0-9E25-0643974EFC38}.Debug|Any CPU.ActiveCfg = Debug|Any CPU
		{2D49329D-4BD9-4BB0-9E25-0643974EFC38}.Debug|Any CPU.Build.0 = Debug|Any CPU
		{2D49329D-4BD9-4BB0-9E25-0643974EFC38}.Release|Any CPU.ActiveCfg = Release|Any CPU
		{2D49329D-4BD9-4BB0-9E25-0643974EFC38}.Release|Any CPU.Build.0 = Release|Any CPU
		{C30E0162-65E7-4B14-BA63-880D800F8C7B}.Debug|Any CPU.ActiveCfg = Debug|Any CPU
		{C30E0162-65E7-4B14-BA63-880D800F8C7B}.Debug|Any CPU.Build.0 = Debug|Any CPU
		{C30E0162-65E7-4B14-BA63-880D800F8C7B}.Release|Any CPU.ActiveCfg = Release|Any CPU
		{C30E0162-65E7-4B14-BA63-880D800F8C7B}.Release|Any CPU.Build.0 = Release|Any CPU
		{2C26EFD0-F241-41CB-94F1-28F977A8B760}.Debug|Any CPU.ActiveCfg = Debug|Any CPU
		{2C26EFD0-F241-41CB-94F1-28F977A8B760}.Debug|Any CPU.Build.0 = Debug|Any CPU
		{2C26EFD0-F241-41CB-94F1-28F977A8B760}.Release|Any CPU.ActiveCfg = Release|Any CPU
		{2C26EFD0-F241-41CB-94F1-28F977A8B760}.Release|Any CPU.Build.0 = Release|Any CPU
		{6427B1F9-C84E-4F89-8DD2-4E405EA1061E}.Debug|Any CPU.ActiveCfg = Debug|Any CPU
		{6427B1F9-C84E-4F89-8DD2-4E405EA1061E}.Debug|Any CPU.Build.0 = Debug|Any CPU
		{6427B1F9-C84E-4F89-8DD2-4E405EA1061E}.Release|Any CPU.ActiveCfg = Release|Any CPU
		{6427B1F9-C84E-4F89-8DD2-4E405EA1061E}.Release|Any CPU.Build.0 = Release|Any CPU
		{1A0A5D0A-1789-4936-A4A6-C8DA74D070A7}.Debug|Any CPU.ActiveCfg = Debug|Any CPU
		{1A0A5D0A-1789-4936-A4A6-C8DA74D070A7}.Debug|Any CPU.Build.0 = Debug|Any CPU
		{1A0A5D0A-1789-4936-A4A6-C8DA74D070A7}.Release|Any CPU.ActiveCfg = Release|Any CPU
		{1A0A5D0A-1789-4936-A4A6-C8DA74D070A7}.Release|Any CPU.Build.0 = Release|Any CPU
		{DB706120-F2EF-425F-9B57-069D6F93C7B1}.Debug|Any CPU.ActiveCfg = Debug|Any CPU
		{DB706120-F2EF-425F-9B57-069D6F93C7B1}.Debug|Any CPU.Build.0 = Debug|Any CPU
		{DB706120-F2EF-425F-9B57-069D6F93C7B1}.Release|Any CPU.ActiveCfg = Release|Any CPU
		{DB706120-F2EF-425F-9B57-069D6F93C7B1}.Release|Any CPU.Build.0 = Release|Any CPU
		{709C5474-93B9-4E70-B269-FCC6765A0BF1}.Debug|Any CPU.ActiveCfg = Debug|Any CPU
		{709C5474-93B9-4E70-B269-FCC6765A0BF1}.Debug|Any CPU.Build.0 = Debug|Any CPU
		{709C5474-93B9-4E70-B269-FCC6765A0BF1}.Release|Any CPU.ActiveCfg = Release|Any CPU
		{709C5474-93B9-4E70-B269-FCC6765A0BF1}.Release|Any CPU.Build.0 = Release|Any CPU
		{CB3C6819-0A7A-4260-915E-29006B068586}.Debug|Any CPU.ActiveCfg = Debug|Any CPU
		{CB3C6819-0A7A-4260-915E-29006B068586}.Debug|Any CPU.Build.0 = Debug|Any CPU
		{CB3C6819-0A7A-4260-915E-29006B068586}.Release|Any CPU.ActiveCfg = Release|Any CPU
		{CB3C6819-0A7A-4260-915E-29006B068586}.Release|Any CPU.Build.0 = Release|Any CPU
		{616CB164-62F7-4745-BF45-F1FB039C03E9}.Debug|Any CPU.ActiveCfg = Debug|Any CPU
		{616CB164-62F7-4745-BF45-F1FB039C03E9}.Debug|Any CPU.Build.0 = Debug|Any CPU
		{616CB164-62F7-4745-BF45-F1FB039C03E9}.Release|Any CPU.ActiveCfg = Release|Any CPU
		{616CB164-62F7-4745-BF45-F1FB039C03E9}.Release|Any CPU.Build.0 = Release|Any CPU
		{37C5F240-97AD-41B8-BD30-882DC5C0777A}.Debug|Any CPU.ActiveCfg = Debug|Any CPU
		{37C5F240-97AD-41B8-BD30-882DC5C0777A}.Debug|Any CPU.Build.0 = Debug|Any CPU
		{37C5F240-97AD-41B8-BD30-882DC5C0777A}.Release|Any CPU.ActiveCfg = Release|Any CPU
		{37C5F240-97AD-41B8-BD30-882DC5C0777A}.Release|Any CPU.Build.0 = Release|Any CPU
		{6864E9E9-FEC1-4F53-83F6-0834BFF243E6}.Debug|Any CPU.ActiveCfg = Debug|Any CPU
		{6864E9E9-FEC1-4F53-83F6-0834BFF243E6}.Debug|Any CPU.Build.0 = Debug|Any CPU
		{6864E9E9-FEC1-4F53-83F6-0834BFF243E6}.Release|Any CPU.ActiveCfg = Release|Any CPU
		{6864E9E9-FEC1-4F53-83F6-0834BFF243E6}.Release|Any CPU.Build.0 = Release|Any CPU
		{2E2D5D6B-D1B4-4492-885E-6B8FD345A521}.Debug|Any CPU.ActiveCfg = Debug|Any CPU
		{2E2D5D6B-D1B4-4492-885E-6B8FD345A521}.Debug|Any CPU.Build.0 = Debug|Any CPU
		{2E2D5D6B-D1B4-4492-885E-6B8FD345A521}.Release|Any CPU.ActiveCfg = Release|Any CPU
		{2E2D5D6B-D1B4-4492-885E-6B8FD345A521}.Release|Any CPU.Build.0 = Release|Any CPU
		{20B153C3-D0C5-417E-AAF8-DAA776D2D7D8}.Debug|Any CPU.ActiveCfg = Debug|Any CPU
		{20B153C3-D0C5-417E-AAF8-DAA776D2D7D8}.Debug|Any CPU.Build.0 = Debug|Any CPU
		{20B153C3-D0C5-417E-AAF8-DAA776D2D7D8}.Release|Any CPU.ActiveCfg = Release|Any CPU
		{20B153C3-D0C5-417E-AAF8-DAA776D2D7D8}.Release|Any CPU.Build.0 = Release|Any CPU
		{D9B3C952-E60C-4B5E-852F-48E326E5E880}.Debug|Any CPU.ActiveCfg = Debug|Any CPU
		{D9B3C952-E60C-4B5E-852F-48E326E5E880}.Debug|Any CPU.Build.0 = Debug|Any CPU
		{D9B3C952-E60C-4B5E-852F-48E326E5E880}.Release|Any CPU.ActiveCfg = Release|Any CPU
		{D9B3C952-E60C-4B5E-852F-48E326E5E880}.Release|Any CPU.Build.0 = Release|Any CPU
		{A78413C1-A89A-47B1-A7F8-627797EBAB24}.Debug|Any CPU.ActiveCfg = Debug|Any CPU
		{A78413C1-A89A-47B1-A7F8-627797EBAB24}.Debug|Any CPU.Build.0 = Debug|Any CPU
		{A78413C1-A89A-47B1-A7F8-627797EBAB24}.Release|Any CPU.ActiveCfg = Release|Any CPU
		{A78413C1-A89A-47B1-A7F8-627797EBAB24}.Release|Any CPU.Build.0 = Release|Any CPU
		{13E80560-A604-461E-952A-E72078BD6807}.Debug|Any CPU.ActiveCfg = Debug|Any CPU
		{13E80560-A604-461E-952A-E72078BD6807}.Debug|Any CPU.Build.0 = Debug|Any CPU
		{13E80560-A604-461E-952A-E72078BD6807}.Release|Any CPU.ActiveCfg = Release|Any CPU
		{13E80560-A604-461E-952A-E72078BD6807}.Release|Any CPU.Build.0 = Release|Any CPU
		{C23101AD-68B8-47C5-AF8A-4B46B4A9FF0D}.Debug|Any CPU.ActiveCfg = Debug|Any CPU
		{C23101AD-68B8-47C5-AF8A-4B46B4A9FF0D}.Debug|Any CPU.Build.0 = Debug|Any CPU
		{C23101AD-68B8-47C5-AF8A-4B46B4A9FF0D}.Release|Any CPU.ActiveCfg = Release|Any CPU
		{C23101AD-68B8-47C5-AF8A-4B46B4A9FF0D}.Release|Any CPU.Build.0 = Release|Any CPU
		{71C09830-F711-4645-A7FF-0DB71A1992A5}.Debug|Any CPU.ActiveCfg = Debug|Any CPU
		{71C09830-F711-4645-A7FF-0DB71A1992A5}.Debug|Any CPU.Build.0 = Debug|Any CPU
		{71C09830-F711-4645-A7FF-0DB71A1992A5}.Release|Any CPU.ActiveCfg = Release|Any CPU
		{71C09830-F711-4645-A7FF-0DB71A1992A5}.Release|Any CPU.Build.0 = Release|Any CPU
		{F27B5030-4406-4543-8BFE-D1AFDD2868F9}.Debug|Any CPU.ActiveCfg = Debug|Any CPU
		{F27B5030-4406-4543-8BFE-D1AFDD2868F9}.Debug|Any CPU.Build.0 = Debug|Any CPU
		{F27B5030-4406-4543-8BFE-D1AFDD2868F9}.Release|Any CPU.ActiveCfg = Release|Any CPU
		{F27B5030-4406-4543-8BFE-D1AFDD2868F9}.Release|Any CPU.Build.0 = Release|Any CPU
		{EC3BCD13-A775-4F3B-AD92-BCDB45A35469}.Debug|Any CPU.ActiveCfg = Debug|Any CPU
		{EC3BCD13-A775-4F3B-AD92-BCDB45A35469}.Debug|Any CPU.Build.0 = Debug|Any CPU
		{EC3BCD13-A775-4F3B-AD92-BCDB45A35469}.Release|Any CPU.ActiveCfg = Release|Any CPU
		{EC3BCD13-A775-4F3B-AD92-BCDB45A35469}.Release|Any CPU.Build.0 = Release|Any CPU
		{B41E0F7A-4BB8-41C4-A61E-284760A6A998}.Debug|Any CPU.ActiveCfg = Debug|Any CPU
		{B41E0F7A-4BB8-41C4-A61E-284760A6A998}.Debug|Any CPU.Build.0 = Debug|Any CPU
		{B41E0F7A-4BB8-41C4-A61E-284760A6A998}.Release|Any CPU.ActiveCfg = Release|Any CPU
		{B41E0F7A-4BB8-41C4-A61E-284760A6A998}.Release|Any CPU.Build.0 = Release|Any CPU
		{2E27E724-7148-4912-A519-EB93AA712003}.Debug|Any CPU.ActiveCfg = Debug|Any CPU
		{2E27E724-7148-4912-A519-EB93AA712003}.Debug|Any CPU.Build.0 = Debug|Any CPU
		{2E27E724-7148-4912-A519-EB93AA712003}.Release|Any CPU.ActiveCfg = Release|Any CPU
		{2E27E724-7148-4912-A519-EB93AA712003}.Release|Any CPU.Build.0 = Release|Any CPU
		{8E1E437A-4E53-47F5-B85D-3AAA2FE9ED8D}.Debug|Any CPU.ActiveCfg = Debug|Any CPU
		{8E1E437A-4E53-47F5-B85D-3AAA2FE9ED8D}.Debug|Any CPU.Build.0 = Debug|Any CPU
		{8E1E437A-4E53-47F5-B85D-3AAA2FE9ED8D}.Release|Any CPU.ActiveCfg = Release|Any CPU
		{8E1E437A-4E53-47F5-B85D-3AAA2FE9ED8D}.Release|Any CPU.Build.0 = Release|Any CPU
		{2E10CD8D-BE36-4E54-AE7A-D733113A087B}.Debug|Any CPU.ActiveCfg = Debug|Any CPU
		{2E10CD8D-BE36-4E54-AE7A-D733113A087B}.Debug|Any CPU.Build.0 = Debug|Any CPU
		{2E10CD8D-BE36-4E54-AE7A-D733113A087B}.Release|Any CPU.ActiveCfg = Release|Any CPU
		{2E10CD8D-BE36-4E54-AE7A-D733113A087B}.Release|Any CPU.Build.0 = Release|Any CPU
		{FAE49337-0C6A-47B1-B9C0-ACA6C6720585}.Debug|Any CPU.ActiveCfg = Debug|Any CPU
		{FAE49337-0C6A-47B1-B9C0-ACA6C6720585}.Debug|Any CPU.Build.0 = Debug|Any CPU
		{FAE49337-0C6A-47B1-B9C0-ACA6C6720585}.Release|Any CPU.ActiveCfg = Release|Any CPU
		{FAE49337-0C6A-47B1-B9C0-ACA6C6720585}.Release|Any CPU.Build.0 = Release|Any CPU
		{006B2A3B-940F-466C-89B4-E25FC39E31C4}.Debug|Any CPU.ActiveCfg = Debug|Any CPU
		{006B2A3B-940F-466C-89B4-E25FC39E31C4}.Debug|Any CPU.Build.0 = Debug|Any CPU
		{006B2A3B-940F-466C-89B4-E25FC39E31C4}.Release|Any CPU.ActiveCfg = Release|Any CPU
		{006B2A3B-940F-466C-89B4-E25FC39E31C4}.Release|Any CPU.Build.0 = Release|Any CPU
		{36AA20CA-9E08-4772-8A56-D4824F43B8C8}.Debug|Any CPU.ActiveCfg = Debug|Any CPU
		{36AA20CA-9E08-4772-8A56-D4824F43B8C8}.Debug|Any CPU.Build.0 = Debug|Any CPU
		{36AA20CA-9E08-4772-8A56-D4824F43B8C8}.Release|Any CPU.ActiveCfg = Release|Any CPU
		{36AA20CA-9E08-4772-8A56-D4824F43B8C8}.Release|Any CPU.Build.0 = Release|Any CPU
		{6EEA3804-8479-4340-A7CC-E58F87D75A3B}.Debug|Any CPU.ActiveCfg = Debug|Any CPU
		{6EEA3804-8479-4340-A7CC-E58F87D75A3B}.Debug|Any CPU.Build.0 = Debug|Any CPU
		{6EEA3804-8479-4340-A7CC-E58F87D75A3B}.Release|Any CPU.ActiveCfg = Release|Any CPU
		{6EEA3804-8479-4340-A7CC-E58F87D75A3B}.Release|Any CPU.Build.0 = Release|Any CPU
	EndGlobalSection
	GlobalSection(SolutionProperties) = preSolution
		HideSolutionNode = FALSE
	EndGlobalSection
	GlobalSection(NestedProjects) = preSolution
		{07E10101-B0AF-4D6E-8F73-AC812C5AC469} = {0413F82C-FD0C-4052-A5E1-03D0B324CC9D}
		{18094991-96EF-4624-848A-2E9085CAD5F6} = {0413F82C-FD0C-4052-A5E1-03D0B324CC9D}
		{F0FA0678-2BA1-42A9-929C-3E5CC7C2774E} = {0413F82C-FD0C-4052-A5E1-03D0B324CC9D}
		{6D156FB4-A24D-4612-808F-8F21E2D2B9AA} = {0413F82C-FD0C-4052-A5E1-03D0B324CC9D}
		{3369A394-04DC-48AD-AFD6-4D0FD314DC90} = {0413F82C-FD0C-4052-A5E1-03D0B324CC9D}
		{6D9089CB-26D5-4B2C-B5B6-B118544316CC} = {0413F82C-FD0C-4052-A5E1-03D0B324CC9D}
		{9B7C7D6A-4CD6-4059-ACDB-6A5DDD6CEDC6} = {0413F82C-FD0C-4052-A5E1-03D0B324CC9D}
		{F1669607-32CA-445B-B332-41A0C694E6B5} = {0413F82C-FD0C-4052-A5E1-03D0B324CC9D}
		{9A443106-CA58-4B9F-94E7-6F746B1FFE94} = {0413F82C-FD0C-4052-A5E1-03D0B324CC9D}
		{F1137633-BD5E-48C7-9675-C0AD5BA85CDB} = {0413F82C-FD0C-4052-A5E1-03D0B324CC9D}
		{AA1ED410-C6AF-4CDA-8CA1-884F1ED7FA2E} = {0413F82C-FD0C-4052-A5E1-03D0B324CC9D}
		{630B583C-0F28-44CF-87CD-0F0AED6BC321} = {0413F82C-FD0C-4052-A5E1-03D0B324CC9D}
		{2D49329D-4BD9-4BB0-9E25-0643974EFC38} = {0413F82C-FD0C-4052-A5E1-03D0B324CC9D}
		{C30E0162-65E7-4B14-BA63-880D800F8C7B} = {12B43640-EDA0-48B4-871B-759222741EFA}
		{A78413C1-A89A-47B1-A7F8-627797EBAB24} = {12B43640-EDA0-48B4-871B-759222741EFA}
		{71C09830-F711-4645-A7FF-0DB71A1992A5} = {12B43640-EDA0-48B4-871B-759222741EFA}
		{006B2A3B-940F-466C-89B4-E25FC39E31C4} = {12B43640-EDA0-48B4-871B-759222741EFA}
		{36AA20CA-9E08-4772-8A56-D4824F43B8C8} = {12B43640-EDA0-48B4-871B-759222741EFA}
		{2C26EFD0-F241-41CB-94F1-28F977A8B760} = {6D1FE55B-34F6-4F7D-B8EC-08A9BFD98DAC}
		{6427B1F9-C84E-4F89-8DD2-4E405EA1061E} = {6D1FE55B-34F6-4F7D-B8EC-08A9BFD98DAC}
		{1A0A5D0A-1789-4936-A4A6-C8DA74D070A7} = {54371621-7E9F-466E-BD70-84263795BD1F}
		{DB706120-F2EF-425F-9B57-069D6F93C7B1} = {E1AE64DF-568B-45CD-9F97-17A53D5B4039}
		{709C5474-93B9-4E70-B269-FCC6765A0BF1} = {E1AE64DF-568B-45CD-9F97-17A53D5B4039}
		{CB3C6819-0A7A-4260-915E-29006B068586} = {E1AE64DF-568B-45CD-9F97-17A53D5B4039}
		{616CB164-62F7-4745-BF45-F1FB039C03E9} = {E1AE64DF-568B-45CD-9F97-17A53D5B4039}
		{37C5F240-97AD-41B8-BD30-882DC5C0777A} = {E1AE64DF-568B-45CD-9F97-17A53D5B4039}
		{6864E9E9-FEC1-4F53-83F6-0834BFF243E6} = {E1AE64DF-568B-45CD-9F97-17A53D5B4039}
		{2E2D5D6B-D1B4-4492-885E-6B8FD345A521} = {E1AE64DF-568B-45CD-9F97-17A53D5B4039}
		{20B153C3-D0C5-417E-AAF8-DAA776D2D7D8} = {C2E31801-BF5B-4EBF-99A3-48B3E90DB766}
		{D9B3C952-E60C-4B5E-852F-48E326E5E880} = {97455696-0D82-4166-8F65-53210C0343D4}
		{C23101AD-68B8-47C5-AF8A-4B46B4A9FF0D} = {97455696-0D82-4166-8F65-53210C0343D4}
		{F27B5030-4406-4543-8BFE-D1AFDD2868F9} = {97455696-0D82-4166-8F65-53210C0343D4}
		{13E80560-A604-461E-952A-E72078BD6807} = {CFD9E2D6-B5C5-4AEA-9E48-3425A27F0B47}
		{EC3BCD13-A775-4F3B-AD92-BCDB45A35469} = {B23BBEAA-E9BD-449A-849E-A84F91B09F6E}
		{B41E0F7A-4BB8-41C4-A61E-284760A6A998} = {B23BBEAA-E9BD-449A-849E-A84F91B09F6E}
		{2E27E724-7148-4912-A519-EB93AA712003} = {B23BBEAA-E9BD-449A-849E-A84F91B09F6E}
		{8E1E437A-4E53-47F5-B85D-3AAA2FE9ED8D} = {42649E80-E090-405B-A518-FE913449A241}
		{2E10CD8D-BE36-4E54-AE7A-D733113A087B} = {6353BA4D-0382-4767-97EA-1842E5EC486D}
		{FAE49337-0C6A-47B1-B9C0-ACA6C6720585} = {3CCC03FD-6A39-4AA8-B3A8-D309E739F7E0}
		{6EEA3804-8479-4340-A7CC-E58F87D75A3B} = {D3A94EBC-FA4A-42D2-829C-2C6C4CA1A630}
	EndGlobalSection
EndGlobal
